{
  "name": "fp-test",
  "version": "1.0.0",
  "lockfileVersion": 1,
  "requires": true,
  "dependencies": {
    "folktale": {
      "version": "2.3.2",
      "resolved": "https://registry.npmmirror.com/folktale/-/folktale-2.3.2.tgz",
      "integrity": "sha512-+8GbtQBwEqutP0v3uajDDoN64K2ehmHd0cjlghhxh0WpcfPzAIjPA03e1VvHlxL02FVGR0A6lwXsNQKn3H1RNQ=="
    },
    "moment": {
      "version": "2.30.1",
      "resolved": "https://registry.npmmirror.com/moment/-/moment-2.30.1.tgz",
      "integrity": "sha512-uEmtNhbDOrWPFS+hdjFCBfy9f2YoyzRpwcl+DqpC6taX21FzsTLQVbMV/W7PzNSX6x/bhC1zA3c2UQ5NzH6how=="
    },
    "ramda": {
      "version": "0.30.1",
      "resolved": "https://registry.npmmirror.com/ramda/-/ramda-0.30.1.tgz",
      "integrity": "sha512-tEF5I22zJnuclswcZMc8bDIrwRHRzf+NqVEmqg50ShAZMP7MWeR/RGDthfM/p+BlqvF2fXAzpn8i+SJcYD3alw=="
    }
  }
}
